
Microsoft Visual Studio Solution File, Format Version 12.00
# Visual Studio Version 16
VisualStudioVersion = 16.0.29926.136
MinimumVisualStudioVersion = 10.0.40219.1
Project("{FAE04EC0-301F-11D3-BF4B-00C04F79EFBC}") = "ws-CSharpComments", "ws-CSharpComments\ws-CSharpComments.csproj", "{1303F9F5-FC89-4151-BF62-E1B65D685132}"
EndProject
Global
	GlobalSection(SolutionConfigurationPlatforms) = preSolution
		Debug|Any CPU = Debug|Any CPU
		Release|Any CPU = Release|Any CPU
	EndGlobalSection
	GlobalSection(ProjectConfigurationPlatforms) = postSolution
		{1303F9F5-FC89-4151-BF62-E1B65D685132}.Debug|Any CPU.ActiveCfg = Debug|Any CPU
		{1303F9F5-FC89-4151-BF62-E1B65D685132}.Debug|Any CPU.Build.0 = Debug|Any CPU
		{1303F9F5-FC89-4151-BF62-E1B65D685132}.Release|Any CPU.ActiveCfg = Release|Any CPU
		{1303F9F5-FC89-4151-BF62-E1B65D685132}.Release|Any CPU.Build.0 = Release|Any CPU
	EndGlobalSection
	GlobalSection(SolutionProperties) = preSolution
		HideSolutionNode = FALSE
	EndGlobalSection
	GlobalSection(ExtensibilityGlobals) = postSolution
		SolutionGuid = {3AAD123B-4A7A-42CD-A167-BA0FC2AC5469}
	EndGlobalSection
EndGlobal
